
Microsoft Visual Studio Solution File, Format Version 12.00
# Visual Studio Version 16
VisualStudioVersion = 16.0.30320.27
MinimumVisualStudioVersion = 10.0.40219.1
Project("{8BC9CEB8-8B4A-11D0-8D11-00A0C91BC942}") = "webview2-mingw", "webview2-mingw.vcxproj", "{0F94B925-F8A4-41E5-A132-9E9ADE83CB29}"
EndProject
Global
	GlobalSection(SolutionConfigurationPlatforms) = preSolution
		Debug|x64 = Debug|x64
		Debug|x86 = Debug|x86
		Release|x64 = Release|x64
		Release|x86 = Release|x86
	EndGlobalSection
	GlobalSection(ProjectConfigurationPlatforms) = postSolution
		{0F94B925-F8A4-41E5-A132-9E9ADE83CB29}.Debug|x64.ActiveCfg = Debug|x64
		{0F94B925-F8A4-41E5-A132-9E9ADE83CB29}.Debug|x64.Build.0 = Debug|x64
		{0F94B925-F8A4-41E5-A132-9E9ADE83CB29}.Debug|x86.ActiveCfg = Debug|Win32
		{0F94B925-F8A4-41E5-A132-9E9ADE83CB29}.Debug|x86.Build.0 = Debug|Win32
		{0F94B925-F8A4-41E5-A132-9E9ADE83CB29}.Release|x64.ActiveCfg = Release|x64
		{0F94B925-F8A4-41E5-A132-9E9ADE83CB29}.Release|x64.Build.0 = Release|x64
		{0F94B925-F8A4-41E5-A132-9E9ADE83CB29}.Release|x86.ActiveCfg = Release|Win32
		{0F94B925-F8A4-41E5-A132-9E9ADE83CB29}.Release|x86.Build.0 = Release|Win32
	EndGlobalSection
	GlobalSection(SolutionProperties) = preSolution
		HideSolutionNode = FALSE
	EndGlobalSection
	GlobalSection(ExtensibilityGlobals) = postSolution
		SolutionGuid = {65283666-BCE8-4A1E-A33F-81B6474619C9}
	EndGlobalSection
EndGlobal
